{
  "requires": true,
  "lockfileVersion": 1,
  "dependencies": {
    "allure": {
      "version": "0.0.0",
      "resolved": "https://registry.npmjs.org/allure/-/allure-0.0.0.tgz",
      "integrity": "sha512-WxZzEkazOUpxZZ7hAn3eCGq96CbwPFRquPA95jWh1XNZpfCBjORJ2nxueyMsmzal81NUCrfS5Xud3jfpzavldw=="
    },
    "allure-commandline": {
      "version": "2.21.0",
      "resolved": "https://registry.npmjs.org/allure-commandline/-/allure-commandline-2.21.0.tgz",
      "integrity": "sha512-1MMFkEhMScOFRkisuZwp52KrQVpPuhpK4SgIys9GPLqwczt9NcsI2G11XY2TSWydP5gBaPoSakevFHpqKVHaZw=="
    }
  }
}
